{
  "name": "wetfish-wiki",
  "version": "1.0.0",
  "lockfileVersion": 3,
  "requires": true,
  "packages": {
    "": {
      "name": "wetfish-wiki",
      "version": "1.0.0",
      "dependencies": {
        "@ruffle-rs/ruffle": "^0.1.0-nightly.2024.1.2",
        "dragondrop": "^0.5.2",
        "load": "https://github.com/itsrachelfish/load#ba69cda08d9bd08a2f4b866f09dc6738dd29b06f",
        "wetfish-basic": "0.7.7"
      }
    },
    "node_modules/@ruffle-rs/ruffle": {
      "version": "0.1.0-nightly.2024.1.2",
      "resolved": "https://registry.npmjs.org/@ruffle-rs/ruffle/-/ruffle-0.1.0-nightly.2024.1.2.tgz",
      "integrity": "sha512-sVaNbSW8kZNDmUtyoLLpFGrQb2Hbp727Bdp4EF/9VhMoOO1+t47CdicPRNvVH8MR01udUuTBu8/2tb2/fWlt9Q=="
    },
    "node_modules/dragondrop": {
      "version": "0.5.2",
      "resolved": "https://registry.npmjs.org/dragondrop/-/dragondrop-0.5.2.tgz",
      "integrity": "sha512-f2mLnNjlqUC6ZsZQznJf8GZ2M5N8ORpv1tnenaxV31sK6ensv7vaK7xir2eJ5MaqC3HXW0KsPnfp9oKrKsAnUA==",
      "dependencies": {
        "wetfish-basic": "^0.7.6"
      }
    },
    "node_modules/load": {
      "version": "0.0.0",
      "resolved": "git+ssh://git@github.com/itsrachelfish/load.git#ba69cda08d9bd08a2f4b866f09dc6738dd29b06f",
      "integrity": "sha512-KWM6NGjunrkoDbFUFSwpZFwVu9IIPQK7Yg4Fza7Dh4DXoUo9pELLd+hCpoWY49k6aBl3Zgi3ymUs/mJC5NTtKg==",
      "license": "MIT",
      "dependencies": {
        "wetfish-basic": "^0.7.7"
      }
    },
    "node_modules/wetfish-basic": {
      "version": "0.7.7",
      "resolved": "https://registry.npmjs.org/wetfish-basic/-/wetfish-basic-0.7.7.tgz",
      "integrity": "sha512-vY520URLywzMb0LFt0Nd5FXZnJatjMrFHuMvX2wWFa6AuWReroepNzh1SveSIkp+gg3GzoiJ1NUEFwugOaL4+w=="
    }
  }
}
